
Microsoft Visual Studio Solution File, Format Version 12.00
# Visual Studio 14
VisualStudioVersion = 14.0.23107.0
MinimumVisualStudioVersion = 10.0.40219.1
Project("{FAE04EC0-301F-11D3-BF4B-00C04F79EFBC}") = "DiveO", "DiveO\DiveO.csproj", "{B18E52E1-551A-4178-B77B-FEAA973F52BE}"
EndProject
Project("{FAE04EC0-301F-11D3-BF4B-00C04F79EFBC}") = "DiveO.Tests", "DiveO.Tests\DiveO.Tests.csproj", "{42330776-84BB-4982-8604-D3DF815C0D88}"
EndProject
Global
	GlobalSection(SolutionConfigurationPlatforms) = preSolution
		Debug|Any CPU = Debug|Any CPU
		Release|Any CPU = Release|Any CPU
	EndGlobalSection
	GlobalSection(ProjectConfigurationPlatforms) = postSolution
		{B18E52E1-551A-4178-B77B-FEAA973F52BE}.Debug|Any CPU.ActiveCfg = Debug|Any CPU
		{B18E52E1-551A-4178-B77B-FEAA973F52BE}.Debug|Any CPU.Build.0 = Debug|Any CPU
		{B18E52E1-551A-4178-B77B-FEAA973F52BE}.Release|Any CPU.ActiveCfg = Release|Any CPU
		{B18E52E1-551A-4178-B77B-FEAA973F52BE}.Release|Any CPU.Build.0 = Release|Any CPU
		{42330776-84BB-4982-8604-D3DF815C0D88}.Debug|Any CPU.ActiveCfg = Debug|Any CPU
		{42330776-84BB-4982-8604-D3DF815C0D88}.Debug|Any CPU.Build.0 = Debug|Any CPU
		{42330776-84BB-4982-8604-D3DF815C0D88}.Release|Any CPU.ActiveCfg = Release|Any CPU
		{42330776-84BB-4982-8604-D3DF815C0D88}.Release|Any CPU.Build.0 = Release|Any CPU
	EndGlobalSection
	GlobalSection(SolutionProperties) = preSolution
		HideSolutionNode = FALSE
	EndGlobalSection
EndGlobal
